
Microsoft Visual Studio Solution File, Format Version 12.00
# 
Project("{FAE04EC0-301F-11D3-BF4B-00C04F79EFBC}") = "PantheonAddonLoader", "PantheonAddonLoader\PantheonAddonLoader.csproj", "{F659D2D8-CC3D-4852-9BDA-EF3C1F1C367F}"
EndProject
Project("{FAE04EC0-301F-11D3-BF4B-00C04F79EFBC}") = "PantheonAddonFramework", "PantheonAddonFramework\PantheonAddonFramework.csproj", "{A7AAEE4B-9CD9-4A2D-822B-5E2444AC531B}"
EndProject
Project("{FAE04EC0-301F-11D3-BF4B-00C04F79EFBC}") = "PantheonAddons", "PantheonAddons\PantheonAddons.csproj", "{5AD11519-E168-4023-B7EF-0FB99E79A5E2}"
EndProject
Project("{2150E333-8FDC-42A3-9474-1A3956D46DE8}") = "Solution Items", "Solution Items", "{E696A95C-1185-4933-A634-3B02FDFEB636}"
	ProjectSection(SolutionItems) = preProject
		Directory.Build.props = Directory.Build.props
		Directory.Build.targets = Directory.Build.targets
	EndProjectSection
EndProject
Project("{FAE04EC0-301F-11D3-BF4B-00C04F79EFBC}") = "FollowBeaconAddon", "FollowBeaconAddon\FollowBeaconAddon.csproj", "{EB51FDED-9C1A-45A7-82B6-4C9ADE7DE1B1}"
EndProject
Project("{FAE04EC0-301F-11D3-BF4B-00C04F79EFBC}") = "MacroRelayAddon", "MacroRelayAddon\MacroRelayAddon.csproj", "{654A5ECF-50B4-44CD-B56E-FE5366112ADF}"
EndProject
Project("{FAE04EC0-301F-11D3-BF4B-00C04F79EFBC}") = "EntityScannerAddon", "EntityScannerAddon\EntityScannerAddon.csproj", "{78CC7250-778B-418E-B84C-F8F7060CC1CC}"
EndProject
Project("{FAE04EC0-301F-11D3-BF4B-00C04F79EFBC}") = "CombatDataAddon", "CombatDataAddon\CombatDataAddon.csproj", "{B0CFB2D0-0899-49EC-BDB7-03FD8EC73411}"
EndProject
Project("{FAE04EC0-301F-11D3-BF4B-00C04F79EFBC}") = "LootDataAddon", "LootDataAddon\LootDataAddon.csproj", "{0089366E-9183-4769-8A36-10DD4E668B37}"
EndProject
Project("{FAE04EC0-301F-11D3-BF4B-00C04F79EFBC}") = "PerformanceKeeperAddon", "PerformanceKeeperAddon\PerformanceKeeperAddon.csproj", "{FC3A3720-6C39-4673-8C58-6A127F82B3B2}"
EndProject
Project("{FAE04EC0-301F-11D3-BF4B-00C04F79EFBC}") = "TargetHealthBarsAddon", "TargetHealthBarsAddon\TargetHealthBarsAddon.csproj", "{23346DEA-346C-4A76-A631-9E9B7E97456B}"
EndProject
Global
	GlobalSection(SolutionConfigurationPlatforms) = preSolution
		Debug|Any CPU = Debug|Any CPU
		Release|Any CPU = Release|Any CPU
	EndGlobalSection
	GlobalSection(ProjectConfigurationPlatforms) = postSolution
		{F659D2D8-CC3D-4852-9BDA-EF3C1F1C367F}.Debug|Any CPU.ActiveCfg = Debug|Any CPU
		{F659D2D8-CC3D-4852-9BDA-EF3C1F1C367F}.Debug|Any CPU.Build.0 = Debug|Any CPU
		{F659D2D8-CC3D-4852-9BDA-EF3C1F1C367F}.Release|Any CPU.ActiveCfg = Release|Any CPU
		{F659D2D8-CC3D-4852-9BDA-EF3C1F1C367F}.Release|Any CPU.Build.0 = Release|Any CPU
		{A7AAEE4B-9CD9-4A2D-822B-5E2444AC531B}.Debug|Any CPU.ActiveCfg = Debug|Any CPU
		{A7AAEE4B-9CD9-4A2D-822B-5E2444AC531B}.Debug|Any CPU.Build.0 = Debug|Any CPU
		{A7AAEE4B-9CD9-4A2D-822B-5E2444AC531B}.Release|Any CPU.ActiveCfg = Release|Any CPU
		{A7AAEE4B-9CD9-4A2D-822B-5E2444AC531B}.Release|Any CPU.Build.0 = Release|Any CPU
		{5AD11519-E168-4023-B7EF-0FB99E79A5E2}.Debug|Any CPU.ActiveCfg = Debug|Any CPU
		{5AD11519-E168-4023-B7EF-0FB99E79A5E2}.Debug|Any CPU.Build.0 = Debug|Any CPU
		{5AD11519-E168-4023-B7EF-0FB99E79A5E2}.Release|Any CPU.ActiveCfg = Release|Any CPU
		{5AD11519-E168-4023-B7EF-0FB99E79A5E2}.Release|Any CPU.Build.0 = Release|Any CPU
		{EB51FDED-9C1A-45A7-82B6-4C9ADE7DE1B1}.Debug|Any CPU.ActiveCfg = Debug|Any CPU
		{EB51FDED-9C1A-45A7-82B6-4C9ADE7DE1B1}.Debug|Any CPU.Build.0 = Debug|Any CPU
		{EB51FDED-9C1A-45A7-82B6-4C9ADE7DE1B1}.Release|Any CPU.ActiveCfg = Release|Any CPU
		{EB51FDED-9C1A-45A7-82B6-4C9ADE7DE1B1}.Release|Any CPU.Build.0 = Release|Any CPU
		{654A5ECF-50B4-44CD-B56E-FE5366112ADF}.Debug|Any CPU.ActiveCfg = Debug|Any CPU
		{654A5ECF-50B4-44CD-B56E-FE5366112ADF}.Debug|Any CPU.Build.0 = Debug|Any CPU
		{654A5ECF-50B4-44CD-B56E-FE5366112ADF}.Release|Any CPU.ActiveCfg = Release|Any CPU
		{654A5ECF-50B4-44CD-B56E-FE5366112ADF}.Release|Any CPU.Build.0 = Release|Any CPU
		{78CC7250-778B-418E-B84C-F8F7060CC1CC}.Debug|Any CPU.ActiveCfg = Debug|Any CPU
		{78CC7250-778B-418E-B84C-F8F7060CC1CC}.Debug|Any CPU.Build.0 = Debug|Any CPU
		{78CC7250-778B-418E-B84C-F8F7060CC1CC}.Release|Any CPU.ActiveCfg = Release|Any CPU
		{78CC7250-778B-418E-B84C-F8F7060CC1CC}.Release|Any CPU.Build.0 = Release|Any CPU
		{B0CFB2D0-0899-49EC-BDB7-03FD8EC73411}.Debug|Any CPU.ActiveCfg = Debug|Any CPU
		{B0CFB2D0-0899-49EC-BDB7-03FD8EC73411}.Debug|Any CPU.Build.0 = Debug|Any CPU
		{B0CFB2D0-0899-49EC-BDB7-03FD8EC73411}.Release|Any CPU.ActiveCfg = Release|Any CPU
		{B0CFB2D0-0899-49EC-BDB7-03FD8EC73411}.Release|Any CPU.Build.0 = Release|Any CPU
		{0089366E-9183-4769-8A36-10DD4E668B37}.Debug|Any CPU.ActiveCfg = Debug|Any CPU
		{0089366E-9183-4769-8A36-10DD4E668B37}.Debug|Any CPU.Build.0 = Debug|Any CPU
		{0089366E-9183-4769-8A36-10DD4E668B37}.Release|Any CPU.ActiveCfg = Release|Any CPU
		{0089366E-9183-4769-8A36-10DD4E668B37}.Release|Any CPU.Build.0 = Release|Any CPU
		{FC3A3720-6C39-4673-8C58-6A127F82B3B2}.Debug|Any CPU.ActiveCfg = Debug|Any CPU
		{FC3A3720-6C39-4673-8C58-6A127F82B3B2}.Debug|Any CPU.Build.0 = Debug|Any CPU
		{FC3A3720-6C39-4673-8C58-6A127F82B3B2}.Release|Any CPU.ActiveCfg = Release|Any CPU
		{FC3A3720-6C39-4673-8C58-6A127F82B3B2}.Release|Any CPU.Build.0 = Release|Any CPU
		{23346DEA-346C-4A76-A631-9E9B7E97456B}.Debug|Any CPU.ActiveCfg = Debug|Any CPU
		{23346DEA-346C-4A76-A631-9E9B7E97456B}.Debug|Any CPU.Build.0 = Debug|Any CPU
		{23346DEA-346C-4A76-A631-9E9B7E97456B}.Release|Any CPU.ActiveCfg = Release|Any CPU
		{23346DEA-346C-4A76-A631-9E9B7E97456B}.Release|Any CPU.Build.0 = Release|Any CPU
	EndGlobalSection
EndGlobal
